<?xml version="1.0" encoding="UTF-8" standalone="yes" ?>
<CodeBlocks_project_file>
	<FileVersion major="1" minor="6" />
	<Project>
		<Option title="libssh" />
		<Option pch_mode="2" />
		<Option compiler="gcc" />
		<Build>
			<Target title="Debug">
				<Option output="..\..\lib\libsshD" prefix_auto="1" extension_auto="1" />
				<Option working_dir="" />
				<Option object_output="obj\Debug\" />
				<Option type="2" />
				<Option compiler="gcc" />
				<Option createDefFile="1" />
				<Compiler>
					<Add option="-g" />
				</Compiler>
			</Target>
			<Target title="Release">
				<Option output="..\..\lib\libssh" prefix_auto="1" extension_auto="1" />
				<Option working_dir="" />
				<Option object_output="obj\Release\" />
				<Option type="2" />
				<Option compiler="gcc" />
				<Option createDefFile="1" />
				<Compiler>
					<Add option="-Os" />
					<Add option="-O3" />
				</Compiler>
				<Linker>
					<Add option="-s" />
				</Linker>
			</Target>
		</Build>
		<Compiler>
			<Add option="-Wall" />
			<Add option="-DLIBSSH_STATIC" />
			<Add directory="..\include" />
			<Add directory="..\..\include" />
		</Compiler>
		<Unit filename="..\include\libssh\agent.h" />
		<Unit filename="..\include\libssh\buffer.h" />
		<Unit filename="..\include\libssh\callbacks.h" />
		<Unit filename="..\include\libssh\channels.h" />
		<Unit filename="..\include\libssh\crypto.h" />
		<Unit filename="..\include\libssh\dh.h" />
		<Unit filename="..\include\libssh\keyfiles.h" />
		<Unit filename="..\include\libssh\keys.h" />
		<Unit filename="..\include\libssh\libssh.h" />
		<Unit filename="..\include\libssh\messages.h" />
		<Unit filename="..\include\libssh\misc.h" />
		<Unit filename="..\include\libssh\packet.h" />
		<Unit filename="..\include\libssh\pcap.h" />
		<Unit filename="..\include\libssh\poll.h" />
		<Unit filename="..\include\libssh\priv.h" />
		<Unit filename="..\include\libssh\scp.h" />
		<Unit filename="..\include\libssh\server.h" />
		<Unit filename="..\include\libssh\session.h" />
		<Unit filename="..\include\libssh\sftp.h" />
		<Unit filename="..\include\libssh\socket.h" />
		<Unit filename="..\include\libssh\ssh1.h" />
		<Unit filename="..\include\libssh\ssh2.h" />
		<Unit filename="..\include\libssh\string.h" />
		<Unit filename="..\include\libssh\wrapper.h" />
		<Unit filename="..\libssh\agent.c">
			<Option compilerVar="CC" />
		</Unit>
		<Unit filename="..\libssh\auth.c">
			<Option compilerVar="CC" />
		</Unit>
		<Unit filename="..\libssh\auth1.c">
			<Option compilerVar="CC" />
		</Unit>
		<Unit filename="..\libssh\base64.c">
			<Option compilerVar="CC" />
		</Unit>
		<Unit filename="..\libssh\buffer.c">
			<Option compilerVar="CC" />
		</Unit>
		<Unit filename="..\libssh\callbacks.c">
			<Option compilerVar="CC" />
		</Unit>
		<Unit filename="..\libssh\channels.c">
			<Option compilerVar="CC" />
		</Unit>
		<Unit filename="..\libssh\channels1.c">
			<Option compilerVar="CC" />
		</Unit>
		<Unit filename="..\libssh\client.c">
			<Option compilerVar="CC" />
		</Unit>
		<Unit filename="..\libssh\config.c">
			<Option compilerVar="CC" />
		</Unit>
		<Unit filename="..\libssh\connect.c">
			<Option compilerVar="CC" />
		</Unit>
		<Unit filename="..\libssh\crc32.c">
			<Option compilerVar="CC" />
		</Unit>
		<Unit filename="..\libssh\crypt.c">
			<Option compilerVar="CC" />
		</Unit>
		<Unit filename="..\libssh\dh.c">
			<Option compilerVar="CC" />
		</Unit>
		<Unit filename="..\libssh\error.c">
			<Option compilerVar="CC" />
		</Unit>
		<Unit filename="..\libssh\gcrypt_missing.c">
			<Option compilerVar="CC" />
		</Unit>
		<Unit filename="..\libssh\gzip.c">
			<Option compilerVar="CC" />
		</Unit>
		<Unit filename="..\libssh\init.c">
			<Option compilerVar="CC" />
		</Unit>
		<Unit filename="..\libssh\kex.c">
			<Option compilerVar="CC" />
		</Unit>
		<Unit filename="..\libssh\keyfiles.c">
			<Option compilerVar="CC" />
		</Unit>
		<Unit filename="..\libssh\keys.c">
			<Option compilerVar="CC" />
		</Unit>
		<Unit filename="..\libssh\log.c">
			<Option compilerVar="CC" />
		</Unit>
		<Unit filename="..\libssh\match.c">
			<Option compilerVar="CC" />
		</Unit>
		<Unit filename="..\libssh\messages.c">
			<Option compilerVar="CC" />
		</Unit>
		<Unit filename="..\libssh\misc.c">
			<Option compilerVar="CC" />
		</Unit>
		<Unit filename="..\libssh\options.c">
			<Option compilerVar="CC" />
		</Unit>
		<Unit filename="..\libssh\packet.c">
			<Option compilerVar="CC" />
		</Unit>
		<Unit filename="..\libssh\pcap.c">
			<Option compilerVar="CC" />
		</Unit>
		<Unit filename="..\libssh\poll.c">
			<Option compilerVar="CC" />
		</Unit>
		<Unit filename="..\libssh\scp.c">
			<Option compilerVar="CC" />
		</Unit>
		<Unit filename="..\libssh\server.c">
			<Option compilerVar="CC" />
		</Unit>
		<Unit filename="..\libssh\session.c">
			<Option compilerVar="CC" />
		</Unit>
		<Unit filename="..\libssh\sftp.c">
			<Option compilerVar="CC" />
		</Unit>
		<Unit filename="..\libssh\sftpserver.c">
			<Option compilerVar="CC" />
		</Unit>
		<Unit filename="..\libssh\socket.c">
			<Option compilerVar="CC" />
		</Unit>
		<Unit filename="..\libssh\string.c">
			<Option compilerVar="CC" />
		</Unit>
		<Unit filename="..\libssh\wrapper.c">
			<Option compilerVar="CC" />
		</Unit>
		<Extensions>
			<code_completion />
			<debugger />
		</Extensions>
	</Project>
</CodeBlocks_project_file>
